{
  "version": 4,
  "terraform_version": "1.2.3",
  "serial": 109,
  "lineage": "b8ca1044-cea4-fda7-c948-f043794abd8b",
  "outputs": {},
  "resources": [
    {
      "mode": "managed",
      "type": "alicloud_vpc",
      "name": "dev-vpc",
      "provider": "provider[\"registry.terraform.io/hashicorp/alicloud\"]",
      "instances": [
        {
          "schema_version": 0,
          "attributes": {
            "cidr_block": "172.16.0.0/16",
            "description": "",
            "dry_run": null,
            "enable_ipv6": null,
            "id": "vpc-uf6iznnd6s7xmbi4ssaoz",
            "ipv6_cidr_block": "",
            "name": "dev-vpc",
            "resource_group_id": "rg-acfmxb75behjsai",
            "route_table_id": "vtb-uf6uxzoxy8hod77s9wvmt",
            "router_id": "vrt-uf68lzbs3hsfm8d4lucro",
            "router_table_id": "vtb-uf6uxzoxy8hod77s9wvmt",
            "secondary_cidr_blocks": null,
            "status": "Available",
            "tags": {
              "Name": "dev"
            },
            "timeouts": null,
            "user_cidrs": null,
            "vpc_name": "dev-vpc"
          },
          "sensitive_attributes": [],
          "private": "eyJlMmJmYjczMC1lY2FhLTExZTYtOGY4OC0zNDM2M2JjN2M0YzAiOnsiY3JlYXRlIjo2MDAwMDAwMDAwMDAsImRlbGV0ZSI6NjAwMDAwMDAwMDAwfX0="
        }
      ]
    }
  ]
}
